<?xml version="1.0" encoding="utf-8"?>
<Project ToolsVersion="4.0" xmlns="http://schemas.microsoft.com/developer/msbuild/2003">
  <ItemGroup>
    <Filter Include="资源文件">
      <UniqueIdentifier>{67DA6AB6-F800-4c08-8B7A-83BB121AAD01}</UniqueIdentifier>
      <Extensions>rc;ico;cur;bmp;dlg;rc2;rct;bin;rgs;gif;jpg;jpeg;jpe;resx;tiff;tif;png;wav;mfcribbon-ms</Extensions>
    </Filter>
    <Filter Include="log">
      <UniqueIdentifier>{914ca479-275b-49a5-8525-13d979f1baf3}</UniqueIdentifier>
    </Filter>
    <Filter Include="lock">
      <UniqueIdentifier>{d058f8a1-772d-44a0-9934-2e65dcd39963}</UniqueIdentifier>
    </Filter>
    <Filter Include="buf">
      <UniqueIdentifier>{37aa7512-05a8-449e-a0e3-d9c8c63e4a90}</UniqueIdentifier>
    </Filter>
    <Filter Include="deque">
      <UniqueIdentifier>{b6e103cc-ed70-42e4-b6bd-fa7c726c6dd1}</UniqueIdentifier>
    </Filter>
    <Filter Include="thread">
      <UniqueIdentifier>{c795a982-8c56-4e79-9e5d-2baa7968f72e}</UniqueIdentifier>
    </Filter>
  </ItemGroup>
  <ItemGroup>
    <ClInclude Include="..\src\basetype.h" />
    <ClInclude Include="..\src\lock.h">
      <Filter>lock</Filter>
    </ClInclude>
    <ClInclude Include="..\src\logfile.h">
      <Filter>log</Filter>
    </ClInclude>
    <ClInclude Include="..\src\log_config.h">
      <Filter>log</Filter>
    </ClInclude>
    <ClInclude Include="..\src\liblog.h">
      <Filter>log</Filter>
    </ClInclude>
    <ClInclude Include="..\src\libbuffer.h">
      <Filter>buf</Filter>
    </ClInclude>
    <ClInclude Include="..\src\buffer.h">
      <Filter>buf</Filter>
    </ClInclude>
    <ClInclude Include="..\src\buffer_config.h">
      <Filter>buf</Filter>
    </ClInclude>
    <ClInclude Include="..\src\deque.h">
      <Filter>deque</Filter>
    </ClInclude>
    <ClInclude Include="..\src\common_sys_fun.h" />
    <ClInclude Include="..\src\thread.h">
      <Filter>thread</Filter>
    </ClInclude>
    <ClInclude Include="..\src\thread_config.h">
      <Filter>thread</Filter>
    </ClInclude>
  </ItemGroup>
  <ItemGroup>
    <ClCompile Include="..\src\logfile.cpp">
      <Filter>log</Filter>
    </ClCompile>
    <ClCompile Include="..\src\lock.cpp">
      <Filter>lock</Filter>
    </ClCompile>
    <ClCompile Include="..\src\liblog.cpp">
      <Filter>log</Filter>
    </ClCompile>
    <ClCompile Include="..\src\libbuffer.cpp">
      <Filter>buf</Filter>
    </ClCompile>
    <ClCompile Include="..\src\buffer.cpp">
      <Filter>buf</Filter>
    </ClCompile>
    <ClCompile Include="..\src\deque.cpp">
      <Filter>deque</Filter>
    </ClCompile>
    <ClCompile Include="..\src\thread.cpp">
      <Filter>thread</Filter>
    </ClCompile>
  </ItemGroup>
</Project>